// !$*UTF8*$!
{
	archiveVersion = 1;
	classes = {
	};
	objectVersion = 50;
	objects = {

/* Begin PBXBuildFile section */
		BE52C2A5235E2EC700CBABB1 /* ConfirmCheckInViewController.swift in Sources */ = {isa = PBXBuildFile; fileRef = BE52C2A4235E2EC700CBABB1 /* ConfirmCheckInViewController.swift */; };
		BE52C2A7235E2ED700CBABB1 /* ConfirmCheckIn.storyboard in Resources */ = {isa = PBXBuildFile; fileRef = BE52C2A6235E2ED700CBABB1 /* ConfirmCheckIn.storyboard */; };
		BE52C2A9235E308E00CBABB1 /* GuardianModel.swift in Sources */ = {isa = PBXBuildFile; fileRef = BE52C2A8235E308E00CBABB1 /* GuardianModel.swift */; };
		BEAB38EE235E0069004BEDDF /* AddGuardian.storyboard in Resources */ = {isa = PBXBuildFile; fileRef = BEAB38ED235E0069004BEDDF /* AddGuardian.storyboard */; };
		BEAB38F0235E008D004BEDDF /* AddGuardianViewController.swift in Sources */ = {isa = PBXBuildFile; fileRef = BEAB38EF235E008D004BEDDF /* AddGuardianViewController.swift */; };
		BEAB38F3235E23C5004BEDDF /* ConfirmGuardianViewController.swift in Sources */ = {isa = PBXBuildFile; fileRef = BEAB38F2235E23C5004BEDDF /* ConfirmGuardianViewController.swift */; };
		BEAB38F5235E242E004BEDDF /* ConfirmGuardian.storyboard in Resources */ = {isa = PBXBuildFile; fileRef = BEAB38F4235E242E004BEDDF /* ConfirmGuardian.storyboard */; };
		FBC92CB9235DF252003181A6 /* AppDelegate.swift in Sources */ = {isa = PBXBuildFile; fileRef = FBC92CB8235DF252003181A6 /* AppDelegate.swift */; };
		FBC92CBB235DF252003181A6 /* SceneDelegate.swift in Sources */ = {isa = PBXBuildFile; fileRef = FBC92CBA235DF252003181A6 /* SceneDelegate.swift */; };
		FBC92CC3235DF252003181A6 /* GuardianApp.xcdatamodeld in Sources */ = {isa = PBXBuildFile; fileRef = FBC92CC1235DF252003181A6 /* GuardianApp.xcdatamodeld */; };
		FBC92CC5235DF254003181A6 /* Assets.xcassets in Resources */ = {isa = PBXBuildFile; fileRef = FBC92CC4235DF254003181A6 /* Assets.xcassets */; };
		FBC92CC8235DF254003181A6 /* LaunchScreen.storyboard in Resources */ = {isa = PBXBuildFile; fileRef = FBC92CC6235DF254003181A6 /* LaunchScreen.storyboard */; };
		FBC92CD1235DF285003181A6 /* SearchStudent.storyboard in Resources */ = {isa = PBXBuildFile; fileRef = FBC92CD0235DF285003181A6 /* SearchStudent.storyboard */; };
		FBC92CD3235DF299003181A6 /* SearchStudentViewController.swift in Sources */ = {isa = PBXBuildFile; fileRef = FBC92CD2235DF299003181A6 /* SearchStudentViewController.swift */; };
		FBC92CD6235DF463003181A6 /* StudentGuardianSelectionViewController.swift in Sources */ = {isa = PBXBuildFile; fileRef = FBC92CD5235DF463003181A6 /* StudentGuardianSelectionViewController.swift */; };
		FBC92CD8235DF488003181A6 /* StudentGuardianSelection.storyboard in Resources */ = {isa = PBXBuildFile; fileRef = FBC92CD7235DF488003181A6 /* StudentGuardianSelection.storyboard */; };
		FBC92CDA235DFBFE003181A6 /* StudentGuardianCollectionCell.swift in Sources */ = {isa = PBXBuildFile; fileRef = FBC92CD9235DFBFE003181A6 /* StudentGuardianCollectionCell.swift */; };
/* End PBXBuildFile section */

/* Begin PBXFileReference section */
		BE52C2A4235E2EC700CBABB1 /* ConfirmCheckInViewController.swift */ = {isa = PBXFileReference; lastKnownFileType = sourcecode.swift; path = ConfirmCheckInViewController.swift; sourceTree = "<group>"; };
		BE52C2A6235E2ED700CBABB1 /* ConfirmCheckIn.storyboard */ = {isa = PBXFileReference; lastKnownFileType = file.storyboard; path = ConfirmCheckIn.storyboard; sourceTree = "<group>"; };
		BE52C2A8235E308E00CBABB1 /* GuardianModel.swift */ = {isa = PBXFileReference; lastKnownFileType = sourcecode.swift; path = GuardianModel.swift; sourceTree = "<group>"; };
		BEAB38ED235E0069004BEDDF /* AddGuardian.storyboard */ = {isa = PBXFileReference; lastKnownFileType = file.storyboard; path = AddGuardian.storyboard; sourceTree = "<group>"; };
		BEAB38EF235E008D004BEDDF /* AddGuardianViewController.swift */ = {isa = PBXFileReference; lastKnownFileType = sourcecode.swift; path = AddGuardianViewController.swift; sourceTree = "<group>"; };
		BEAB38F2235E23C5004BEDDF /* ConfirmGuardianViewController.swift */ = {isa = PBXFileReference; lastKnownFileType = sourcecode.swift; path = ConfirmGuardianViewController.swift; sourceTree = "<group>"; };
		BEAB38F4235E242E004BEDDF /* ConfirmGuardian.storyboard */ = {isa = PBXFileReference; lastKnownFileType = file.storyboard; path = ConfirmGuardian.storyboard; sourceTree = "<group>"; };
		FBC92CB5235DF252003181A6 /* GuardianApp.app */ = {isa = PBXFileReference; explicitFileType = wrapper.application; includeInIndex = 0; path = GuardianApp.app; sourceTree = BUILT_PRODUCTS_DIR; };
		FBC92CB8235DF252003181A6 /* AppDelegate.swift */ = {isa = PBXFileReference; lastKnownFileType = sourcecode.swift; path = AppDelegate.swift; sourceTree = "<group>"; };
		FBC92CBA235DF252003181A6 /* SceneDelegate.swift */ = {isa = PBXFileReference; lastKnownFileType = sourcecode.swift; path = SceneDelegate.swift; sourceTree = "<group>"; };
		FBC92CC2235DF252003181A6 /* GuardianApp.xcdatamodel */ = {isa = PBXFileReference; lastKnownFileType = wrapper.xcdatamodel; path = GuardianApp.xcdatamodel; sourceTree = "<group>"; };
		FBC92CC4235DF254003181A6 /* Assets.xcassets */ = {isa = PBXFileReference; lastKnownFileType = folder.assetcatalog; path = Assets.xcassets; sourceTree = "<group>"; };
		FBC92CC7235DF254003181A6 /* Base */ = {isa = PBXFileReference; lastKnownFileType = file.storyboard; name = Base; path = Base.lproj/LaunchScreen.storyboard; sourceTree = "<group>"; };
		FBC92CC9235DF254003181A6 /* Info.plist */ = {isa = PBXFileReference; lastKnownFileType = text.plist.xml; path = Info.plist; sourceTree = "<group>"; };
		FBC92CD0235DF285003181A6 /* SearchStudent.storyboard */ = {isa = PBXFileReference; lastKnownFileType = file.storyboard; path = SearchStudent.storyboard; sourceTree = "<group>"; };
		FBC92CD2235DF299003181A6 /* SearchStudentViewController.swift */ = {isa = PBXFileReference; lastKnownFileType = sourcecode.swift; path = SearchStudentViewController.swift; sourceTree = "<group>"; };
		FBC92CD5235DF463003181A6 /* StudentGuardianSelectionViewController.swift */ = {isa = PBXFileReference; lastKnownFileType = sourcecode.swift; path = StudentGuardianSelectionViewController.swift; sourceTree = "<group>"; };
		FBC92CD7235DF488003181A6 /* StudentGuardianSelection.storyboard */ = {isa = PBXFileReference; lastKnownFileType = file.storyboard; path = StudentGuardianSelection.storyboard; sourceTree = "<group>"; };
		FBC92CD9235DFBFE003181A6 /* StudentGuardianCollectionCell.swift */ = {isa = PBXFileReference; lastKnownFileType = sourcecode.swift; path = StudentGuardianCollectionCell.swift; sourceTree = "<group>"; };
/* End PBXFileReference section */

/* Begin PBXFrameworksBuildPhase section */
		FBC92CB2235DF252003181A6 /* Frameworks */ = {
			isa = PBXFrameworksBuildPhase;
			buildActionMask = 2147483647;
			files = (
			);
			runOnlyForDeploymentPostprocessing = 0;
		};
/* End PBXFrameworksBuildPhase section */

/* Begin PBXGroup section */
		BE52C2A3235E2EA900CBABB1 /* ConfirmCheckIn */ = {
			isa = PBXGroup;
			children = (
				BE52C2A4235E2EC700CBABB1 /* ConfirmCheckInViewController.swift */,
				BE52C2A6235E2ED700CBABB1 /* ConfirmCheckIn.storyboard */,
			);
			path = ConfirmCheckIn;
			sourceTree = "<group>";
		};
		BEAB38EC235E000E004BEDDF /* AddNewGuardian */ = {
			isa = PBXGroup;
			children = (
				BEAB38ED235E0069004BEDDF /* AddGuardian.storyboard */,
				BEAB38EF235E008D004BEDDF /* AddGuardianViewController.swift */,
			);
			path = AddNewGuardian;
			sourceTree = "<group>";
		};
		BEAB38F1235E239A004BEDDF /* ConfirmGuardian */ = {
			isa = PBXGroup;
			children = (
				BEAB38F2235E23C5004BEDDF /* ConfirmGuardianViewController.swift */,
				BEAB38F4235E242E004BEDDF /* ConfirmGuardian.storyboard */,
			);
			path = ConfirmGuardian;
			sourceTree = "<group>";
		};
		FBC92CAC235DF252003181A6 = {
			isa = PBXGroup;
			children = (
				FBC92CB7235DF252003181A6 /* GuardianApp */,
				FBC92CB6235DF252003181A6 /* Products */,
			);
			sourceTree = "<group>";
		};
		FBC92CB6235DF252003181A6 /* Products */ = {
			isa = PBXGroup;
			children = (
				FBC92CB5235DF252003181A6 /* GuardianApp.app */,
			);
			name = Products;
			sourceTree = "<group>";
		};
		FBC92CB7235DF252003181A6 /* GuardianApp */ = {
			isa = PBXGroup;
			children = (
				BE52C2A3235E2EA900CBABB1 /* ConfirmCheckIn */,
				BEAB38F1235E239A004BEDDF /* ConfirmGuardian */,
				BEAB38EC235E000E004BEDDF /* AddNewGuardian */,
				FBC92CD4235DF44D003181A6 /* StudentGuardianSelection */,
				FBC92CCF235DF275003181A6 /* SearchStudent */,
				FBC92CB8235DF252003181A6 /* AppDelegate.swift */,
				FBC92CBA235DF252003181A6 /* SceneDelegate.swift */,
				FBC92CC4235DF254003181A6 /* Assets.xcassets */,
				FBC92CC6235DF254003181A6 /* LaunchScreen.storyboard */,
				FBC92CC9235DF254003181A6 /* Info.plist */,
				FBC92CC1235DF252003181A6 /* GuardianApp.xcdatamodeld */,
				BE52C2A8235E308E00CBABB1 /* GuardianModel.swift */,
			);
			path = GuardianApp;
			sourceTree = "<group>";
		};
		FBC92CCF235DF275003181A6 /* SearchStudent */ = {
			isa = PBXGroup;
			children = (
				FBC92CD0235DF285003181A6 /* SearchStudent.storyboard */,
				FBC92CD2235DF299003181A6 /* SearchStudentViewController.swift */,
			);
			path = SearchStudent;
			sourceTree = "<group>";
		};
		FBC92CD4235DF44D003181A6 /* StudentGuardianSelection */ = {
			isa = PBXGroup;
			children = (
				FBC92CD5235DF463003181A6 /* StudentGuardianSelectionViewController.swift */,
				FBC92CD7235DF488003181A6 /* StudentGuardianSelection.storyboard */,
				FBC92CD9235DFBFE003181A6 /* StudentGuardianCollectionCell.swift */,
			);
			path = StudentGuardianSelection;
			sourceTree = "<group>";
		};
/* End PBXGroup section */

/* Begin PBXNativeTarget section */
		FBC92CB4235DF252003181A6 /* GuardianApp */ = {
			isa = PBXNativeTarget;
			buildConfigurationList = FBC92CCC235DF254003181A6 /* Build configuration list for PBXNativeTarget "GuardianApp" */;
			buildPhases = (
				FBC92CB1235DF252003181A6 /* Sources */,
				FBC92CB2235DF252003181A6 /* Frameworks */,
				FBC92CB3235DF252003181A6 /* Resources */,
			);
			buildRules = (
			);
			dependencies = (
			);
			name = GuardianApp;
			productName = GuardianApp;
			productReference = FBC92CB5235DF252003181A6 /* GuardianApp.app */;
			productType = "com.apple.product-type.application";
		};
/* End PBXNativeTarget section */

/* Begin PBXProject section */
		FBC92CAD235DF252003181A6 /* Project object */ = {
			isa = PBXProject;
			attributes = {
				LastSwiftUpdateCheck = 1100;
				LastUpgradeCheck = 1100;
				ORGANIZATIONNAME = "Alex Stevens";
				TargetAttributes = {
					FBC92CB4235DF252003181A6 = {
						CreatedOnToolsVersion = 11.0;
					};
				};
			};
			buildConfigurationList = FBC92CB0235DF252003181A6 /* Build configuration list for PBXProject "GuardianApp" */;
			compatibilityVersion = "Xcode 9.3";
			developmentRegion = en;
			hasScannedForEncodings = 0;
			knownRegions = (
				en,
				Base,
			);
			mainGroup = FBC92CAC235DF252003181A6;
			productRefGroup = FBC92CB6235DF252003181A6 /* Products */;
			projectDirPath = "";
			projectRoot = "";
			targets = (
				FBC92CB4235DF252003181A6 /* GuardianApp */,
			);
		};
/* End PBXProject section */

/* Begin PBXResourcesBuildPhase section */
		FBC92CB3235DF252003181A6 /* Resources */ = {
			isa = PBXResourcesBuildPhase;
			buildActionMask = 2147483647;
			files = (
				FBC92CD1235DF285003181A6 /* SearchStudent.storyboard in Resources */,
				FBC92CC8235DF254003181A6 /* LaunchScreen.storyboard in Resources */,
				FBC92CD8235DF488003181A6 /* StudentGuardianSelection.storyboard in Resources */,
				BE52C2A7235E2ED700CBABB1 /* ConfirmCheckIn.storyboard in Resources */,
				FBC92CC5235DF254003181A6 /* Assets.xcassets in Resources */,
				BEAB38F5235E242E004BEDDF /* ConfirmGuardian.storyboard in Resources */,
				BEAB38EE235E0069004BEDDF /* AddGuardian.storyboard in Resources */,
			);
			runOnlyForDeploymentPostprocessing = 0;
		};
/* End PBXResourcesBuildPhase section */

/* Begin PBXSourcesBuildPhase section */
		FBC92CB1235DF252003181A6 /* Sources */ = {
			isa = PBXSourcesBuildPhase;
			buildActionMask = 2147483647;
			files = (
				FBC92CD6235DF463003181A6 /* StudentGuardianSelectionViewController.swift in Sources */,
				BEAB38F0235E008D004BEDDF /* AddGuardianViewController.swift in Sources */,
				FBC92CD3235DF299003181A6 /* SearchStudentViewController.swift in Sources */,
				FBC92CDA235DFBFE003181A6 /* StudentGuardianCollectionCell.swift in Sources */,
				BE52C2A5235E2EC700CBABB1 /* ConfirmCheckInViewController.swift in Sources */,
				FBC92CC3235DF252003181A6 /* GuardianApp.xcdatamodeld in Sources */,
				BE52C2A9235E308E00CBABB1 /* GuardianModel.swift in Sources */,
				FBC92CB9235DF252003181A6 /* AppDelegate.swift in Sources */,
				BEAB38F3235E23C5004BEDDF /* ConfirmGuardianViewController.swift in Sources */,
				FBC92CBB235DF252003181A6 /* SceneDelegate.swift in Sources */,
			);
			runOnlyForDeploymentPostprocessing = 0;
		};
/* End PBXSourcesBuildPhase section */

/* Begin PBXVariantGroup section */
		FBC92CC6235DF254003181A6 /* LaunchScreen.storyboard */ = {
			isa = PBXVariantGroup;
			children = (
				FBC92CC7235DF254003181A6 /* Base */,
			);
			name = LaunchScreen.storyboard;
			sourceTree = "<group>";
		};
/* End PBXVariantGroup section */

/* Begin XCBuildConfiguration section */
		FBC92CCA235DF254003181A6 /* Debug */ = {
			isa = XCBuildConfiguration;
			buildSettings = {
				ALWAYS_SEARCH_USER_PATHS = NO;
				CLANG_ANALYZER_NONNULL = YES;
				CLANG_ANALYZER_NUMBER_OBJECT_CONVERSION = YES_AGGRESSIVE;
				CLANG_CXX_LANGUAGE_STANDARD = "gnu++14";
				CLANG_CXX_LIBRARY = "libc++";
				CLANG_ENABLE_MODULES = YES;
				CLANG_ENABLE_OBJC_ARC = YES;
				CLANG_ENABLE_OBJC_WEAK = YES;
				CLANG_WARN_BLOCK_CAPTURE_AUTORELEASING = YES;
				CLANG_WARN_BOOL_CONVERSION = YES;
				CLANG_WARN_COMMA = YES;
				CLANG_WARN_CONSTANT_CONVERSION = YES;
				CLANG_WARN_DEPRECATED_OBJC_IMPLEMENTATIONS = YES;
				CLANG_WARN_DIRECT_OBJC_ISA_USAGE = YES_ERROR;
				CLANG_WARN_DOCUMENTATION_COMMENTS = YES;
				CLANG_WARN_EMPTY_BODY = YES;
				CLANG_WARN_ENUM_CONVERSION = YES;
				CLANG_WARN_INFINITE_RECURSION = YES;
				CLANG_WARN_INT_CONVERSION = YES;
				CLANG_WARN_NON_LITERAL_NULL_CONVERSION = YES;
				CLANG_WARN_OBJC_IMPLICIT_RETAIN_SELF = YES;
				CLANG_WARN_OBJC_LITERAL_CONVERSION = YES;
				CLANG_WARN_OBJC_ROOT_CLASS = YES_ERROR;
				CLANG_WARN_RANGE_LOOP_ANALYSIS = YES;
				CLANG_WARN_STRICT_PROTOTYPES = YES;
				CLANG_WARN_SUSPICIOUS_MOVE = YES;
				CLANG_WARN_UNGUARDED_AVAILABILITY = YES_AGGRESSIVE;
				CLANG_WARN_UNREACHABLE_CODE = YES;
				CLANG_WARN__DUPLICATE_METHOD_MATCH = YES;
				COPY_PHASE_STRIP = NO;
				DEBUG_INFORMATION_FORMAT = dwarf;
				ENABLE_STRICT_OBJC_MSGSEND = YES;
				ENABLE_TESTABILITY = YES;
				GCC_C_LANGUAGE_STANDARD = gnu11;
				GCC_DYNAMIC_NO_PIC = NO;
				GCC_NO_COMMON_BLOCKS = YES;
				GCC_OPTIMIZATION_LEVEL = 0;
				GCC_PREPROCESSOR_DEFINITIONS = (
					"DEBUG=1",
					"$(inherited)",
				);
				GCC_WARN_64_TO_32_BIT_CONVERSION = YES;
				GCC_WARN_ABOUT_RETURN_TYPE = YES_ERROR;
				GCC_WARN_UNDECLARED_SELECTOR = YES;
				GCC_WARN_UNINITIALIZED_AUTOS = YES_AGGRESSIVE;
				GCC_WARN_UNUSED_FUNCTION = YES;
				GCC_WARN_UNUSED_VARIABLE = YES;
				IPHONEOS_DEPLOYMENT_TARGET = 13.0;
				MTL_ENABLE_DEBUG_INFO = INCLUDE_SOURCE;
				MTL_FAST_MATH = YES;
				ONLY_ACTIVE_ARCH = YES;
				SDKROOT = iphoneos;
				SWIFT_ACTIVE_COMPILATION_CONDITIONS = DEBUG;
				SWIFT_OPTIMIZATION_LEVEL = "-Onone";
			};
			name = Debug;
		};
		FBC92CCB235DF254003181A6 /* Release */ = {
			isa = XCBuildConfiguration;
			buildSettings = {
				ALWAYS_SEARCH_USER_PATHS = NO;
				CLANG_ANALYZER_NONNULL = YES;
				CLANG_ANALYZER_NUMBER_OBJECT_CONVERSION = YES_AGGRESSIVE;
				CLANG_CXX_LANGUAGE_STANDARD = "gnu++14";
				CLANG_CXX_LIBRARY = "libc++";
				CLANG_ENABLE_MODULES = YES;
				CLANG_ENABLE_OBJC_ARC = YES;
				CLANG_ENABLE_OBJC_WEAK = YES;
				CLANG_WARN_BLOCK_CAPTURE_AUTORELEASING = YES;
				CLANG_WARN_BOOL_CONVERSION = YES;
				CLANG_WARN_COMMA = YES;
				CLANG_WARN_CONSTANT_CONVERSION = YES;
				CLANG_WARN_DEPRECATED_OBJC_IMPLEMENTATIONS = YES;
				CLANG_WARN_DIRECT_OBJC_ISA_USAGE = YES_ERROR;
				CLANG_WARN_DOCUMENTATION_COMMENTS = YES;
				CLANG_WARN_EMPTY_BODY = YES;
				CLANG_WARN_ENUM_CONVERSION = YES;
				CLANG_WARN_INFINITE_RECURSION = YES;
				CLANG_WARN_INT_CONVERSION = YES;
				CLANG_WARN_NON_LITERAL_NULL_CONVERSION = YES;
				CLANG_WARN_OBJC_IMPLICIT_RETAIN_SELF = YES;
				CLANG_WARN_OBJC_LITERAL_CONVERSION = YES;
				CLANG_WARN_OBJC_ROOT_CLASS = YES_ERROR;
				CLANG_WARN_RANGE_LOOP_ANALYSIS = YES;
				CLANG_WARN_STRICT_PROTOTYPES = YES;
				CLANG_WARN_SUSPICIOUS_MOVE = YES;
				CLANG_WARN_UNGUARDED_AVAILABILITY = YES_AGGRESSIVE;
				CLANG_WARN_UNREACHABLE_CODE = YES;
				CLANG_WARN__DUPLICATE_METHOD_MATCH = YES;
				COPY_PHASE_STRIP = NO;
				DEBUG_INFORMATION_FORMAT = "dwarf-with-dsym";
				ENABLE_NS_ASSERTIONS = NO;
				ENABLE_STRICT_OBJC_MSGSEND = YES;
				GCC_C_LANGUAGE_STANDARD = gnu11;
				GCC_NO_COMMON_BLOCKS = YES;
				GCC_WARN_64_TO_32_BIT_CONVERSION = YES;
				GCC_WARN_ABOUT_RETURN_TYPE = YES_ERROR;
				GCC_WARN_UNDECLARED_SELECTOR = YES;
				GCC_WARN_UNINITIALIZED_AUTOS = YES_AGGRESSIVE;
				GCC_WARN_UNUSED_FUNCTION = YES;
				GCC_WARN_UNUSED_VARIABLE = YES;
				IPHONEOS_DEPLOYMENT_TARGET = 13.0;
				MTL_ENABLE_DEBUG_INFO = NO;
				MTL_FAST_MATH = YES;
				SDKROOT = iphoneos;
				SWIFT_COMPILATION_MODE = wholemodule;
				SWIFT_OPTIMIZATION_LEVEL = "-O";
				VALIDATE_PRODUCT = YES;
			};
			name = Release;
		};
		FBC92CCD235DF254003181A6 /* Debug */ = {
			isa = XCBuildConfiguration;
			buildSettings = {
				ASSETCATALOG_COMPILER_APPICON_NAME = AppIcon;
				CODE_SIGN_STYLE = Automatic;
				DEVELOPMENT_TEAM = C7HGN23NTW;
				INFOPLIST_FILE = GuardianApp/Info.plist;
				LD_RUNPATH_SEARCH_PATHS = (
					"$(inherited)",
					"@executable_path/Frameworks",
				);
				PRODUCT_BUNDLE_IDENTIFIER = com.AlexStevens.GuardianApp;
				PRODUCT_NAME = "$(TARGET_NAME)";
				SWIFT_VERSION = 5.0;
				TARGETED_DEVICE_FAMILY = "1,2";
			};
			name = Debug;
		};
		FBC92CCE235DF254003181A6 /* Release */ = {
			isa = XCBuildConfiguration;
			buildSettings = {
				ASSETCATALOG_COMPILER_APPICON_NAME = AppIcon;
				CODE_SIGN_STYLE = Automatic;
				DEVELOPMENT_TEAM = C7HGN23NTW;
				INFOPLIST_FILE = GuardianApp/Info.plist;
				LD_RUNPATH_SEARCH_PATHS = (
					"$(inherited)",
					"@executable_path/Frameworks",
				);
				PRODUCT_BUNDLE_IDENTIFIER = com.AlexStevens.GuardianApp;
				PRODUCT_NAME = "$(TARGET_NAME)";
				SWIFT_VERSION = 5.0;
				TARGETED_DEVICE_FAMILY = "1,2";
			};
			name = Release;
		};
/* End XCBuildConfiguration section */

/* Begin XCConfigurationList section */
		FBC92CB0235DF252003181A6 /* Build configuration list for PBXProject "GuardianApp" */ = {
			isa = XCConfigurationList;
			buildConfigurations = (
				FBC92CCA235DF254003181A6 /* Debug */,
				FBC92CCB235DF254003181A6 /* Release */,
			);
			defaultConfigurationIsVisible = 0;
			defaultConfigurationName = Release;
		};
		FBC92CCC235DF254003181A6 /* Build configuration list for PBXNativeTarget "GuardianApp" */ = {
			isa = XCConfigurationList;
			buildConfigurations = (
				FBC92CCD235DF254003181A6 /* Debug */,
				FBC92CCE235DF254003181A6 /* Release */,
			);
			defaultConfigurationIsVisible = 0;
			defaultConfigurationName = Release;
		};
/* End XCConfigurationList section */

/* Begin XCVersionGroup section */
		FBC92CC1235DF252003181A6 /* GuardianApp.xcdatamodeld */ = {
			isa = XCVersionGroup;
			children = (
				FBC92CC2235DF252003181A6 /* GuardianApp.xcdatamodel */,
			);
			currentVersion = FBC92CC2235DF252003181A6 /* GuardianApp.xcdatamodel */;
			path = GuardianApp.xcdatamodeld;
			sourceTree = "<group>";
			versionGroupType = wrapper.xcdatamodel;
		};
/* End XCVersionGroup section */
	};
	rootObject = FBC92CAD235DF252003181A6 /* Project object */;
}
